
Microsoft Visual Studio Solution File, Format Version 12.00
# Visual Studio 15
VisualStudioVersion = 15.0.28307.1062
MinimumVisualStudioVersion = 10.0.40219.1
Project("{8BC9CEB8-8B4A-11D0-8D11-00A0C91BC942}") = "HelloWorldLog", "HelloWorld\HelloWorld.vcxproj", "{88FEA8F2-8034-498D-AF6E-BF7837A91827}"
EndProject
Project("{8BC9CEB8-8B4A-11D0-8D11-00A0C91BC942}") = "Variables", "Variables\Variables.vcxproj", "{0BA60CF3-4DC2-40D6-B4AD-855DA0C5A5C9}"
EndProject
Project("{8BC9CEB8-8B4A-11D0-8D11-00A0C91BC942}") = "Functions", "Functions\Functions.vcxproj", "{292629EA-765C-402D-B6E8-486F8E718B8D}"
EndProject
Project("{8BC9CEB8-8B4A-11D0-8D11-00A0C91BC942}") = "Debugger", "Debugger\Debugger.vcxproj", "{6B8C8101-1278-488C-8A66-AD114380DBDF}"
EndProject
Project("{8BC9CEB8-8B4A-11D0-8D11-00A0C91BC942}") = "ConditionsAndBranches", "ConditionsAndBranches\ConditionsAndBranches.vcxproj", "{12153B96-3203-431C-97FE-C63173D59817}"
EndProject
Global
	GlobalSection(SolutionConfigurationPlatforms) = preSolution
		Debug|x64 = Debug|x64
		Debug|x86 = Debug|x86
		Release|x64 = Release|x64
		Release|x86 = Release|x86
	EndGlobalSection
	GlobalSection(ProjectConfigurationPlatforms) = postSolution
		{88FEA8F2-8034-498D-AF6E-BF7837A91827}.Debug|x64.ActiveCfg = Debug|x64
		{88FEA8F2-8034-498D-AF6E-BF7837A91827}.Debug|x64.Build.0 = Debug|x64
		{88FEA8F2-8034-498D-AF6E-BF7837A91827}.Debug|x86.ActiveCfg = Debug|Win32
		{88FEA8F2-8034-498D-AF6E-BF7837A91827}.Debug|x86.Build.0 = Debug|Win32
		{88FEA8F2-8034-498D-AF6E-BF7837A91827}.Release|x64.ActiveCfg = Release|x64
		{88FEA8F2-8034-498D-AF6E-BF7837A91827}.Release|x64.Build.0 = Release|x64
		{88FEA8F2-8034-498D-AF6E-BF7837A91827}.Release|x86.ActiveCfg = Release|Win32
		{88FEA8F2-8034-498D-AF6E-BF7837A91827}.Release|x86.Build.0 = Release|Win32
		{0BA60CF3-4DC2-40D6-B4AD-855DA0C5A5C9}.Debug|x64.ActiveCfg = Debug|x64
		{0BA60CF3-4DC2-40D6-B4AD-855DA0C5A5C9}.Debug|x64.Build.0 = Debug|x64
		{0BA60CF3-4DC2-40D6-B4AD-855DA0C5A5C9}.Debug|x86.ActiveCfg = Debug|Win32
		{0BA60CF3-4DC2-40D6-B4AD-855DA0C5A5C9}.Debug|x86.Build.0 = Debug|Win32
		{0BA60CF3-4DC2-40D6-B4AD-855DA0C5A5C9}.Release|x64.ActiveCfg = Release|x64
		{0BA60CF3-4DC2-40D6-B4AD-855DA0C5A5C9}.Release|x64.Build.0 = Release|x64
		{0BA60CF3-4DC2-40D6-B4AD-855DA0C5A5C9}.Release|x86.ActiveCfg = Release|Win32
		{0BA60CF3-4DC2-40D6-B4AD-855DA0C5A5C9}.Release|x86.Build.0 = Release|Win32
		{292629EA-765C-402D-B6E8-486F8E718B8D}.Debug|x64.ActiveCfg = Debug|x64
		{292629EA-765C-402D-B6E8-486F8E718B8D}.Debug|x64.Build.0 = Debug|x64
		{292629EA-765C-402D-B6E8-486F8E718B8D}.Debug|x86.ActiveCfg = Debug|Win32
		{292629EA-765C-402D-B6E8-486F8E718B8D}.Debug|x86.Build.0 = Debug|Win32
		{292629EA-765C-402D-B6E8-486F8E718B8D}.Release|x64.ActiveCfg = Release|x64
		{292629EA-765C-402D-B6E8-486F8E718B8D}.Release|x64.Build.0 = Release|x64
		{292629EA-765C-402D-B6E8-486F8E718B8D}.Release|x86.ActiveCfg = Release|Win32
		{292629EA-765C-402D-B6E8-486F8E718B8D}.Release|x86.Build.0 = Release|Win32
		{6B8C8101-1278-488C-8A66-AD114380DBDF}.Debug|x64.ActiveCfg = Debug|x64
		{6B8C8101-1278-488C-8A66-AD114380DBDF}.Debug|x64.Build.0 = Debug|x64
		{6B8C8101-1278-488C-8A66-AD114380DBDF}.Debug|x86.ActiveCfg = Debug|Win32
		{6B8C8101-1278-488C-8A66-AD114380DBDF}.Debug|x86.Build.0 = Debug|Win32
		{6B8C8101-1278-488C-8A66-AD114380DBDF}.Release|x64.ActiveCfg = Release|x64
		{6B8C8101-1278-488C-8A66-AD114380DBDF}.Release|x64.Build.0 = Release|x64
		{6B8C8101-1278-488C-8A66-AD114380DBDF}.Release|x86.ActiveCfg = Release|Win32
		{6B8C8101-1278-488C-8A66-AD114380DBDF}.Release|x86.Build.0 = Release|Win32
		{12153B96-3203-431C-97FE-C63173D59817}.Debug|x64.ActiveCfg = Debug|x64
		{12153B96-3203-431C-97FE-C63173D59817}.Debug|x64.Build.0 = Debug|x64
		{12153B96-3203-431C-97FE-C63173D59817}.Debug|x86.ActiveCfg = Debug|Win32
		{12153B96-3203-431C-97FE-C63173D59817}.Debug|x86.Build.0 = Debug|Win32
		{12153B96-3203-431C-97FE-C63173D59817}.Release|x64.ActiveCfg = Release|x64
		{12153B96-3203-431C-97FE-C63173D59817}.Release|x64.Build.0 = Release|x64
		{12153B96-3203-431C-97FE-C63173D59817}.Release|x86.ActiveCfg = Release|Win32
		{12153B96-3203-431C-97FE-C63173D59817}.Release|x86.Build.0 = Release|Win32
	EndGlobalSection
	GlobalSection(SolutionProperties) = preSolution
		HideSolutionNode = FALSE
	EndGlobalSection
	GlobalSection(ExtensibilityGlobals) = postSolution
		SolutionGuid = {64BC4331-A5B7-40C1-BC7F-06F051B089FE}
	EndGlobalSection
EndGlobal
